<?xml version="1.0" encoding="utf-8"?>
<Project ToolsVersion="4.0" xmlns="http://schemas.microsoft.com/developer/msbuild/2003">
  <ItemGroup>
    <Filter Include="Source Files">
      <UniqueIdentifier>{4FC737F1-C7A5-4376-A066-2A32D752A2FF}</UniqueIdentifier>
      <Extensions>cpp;c;cc;cxx;def;odl;idl;hpj;bat;asm;asmx</Extensions>
    </Filter>
    <Filter Include="Header Files">
      <UniqueIdentifier>{93995380-89BD-4b04-88EB-625FBE52EBFB}</UniqueIdentifier>
      <Extensions>h;hh;hpp;hxx;hm;inl;inc;ipp;xsd</Extensions>
    </Filter>
    <Filter Include="Resource Files">
      <UniqueIdentifier>{67DA6AB6-F800-4c08-8B7A-83BB121AAD01}</UniqueIdentifier>
      <Extensions>rc;ico;cur;bmp;dlg;rc2;rct;bin;rgs;gif;jpg;jpeg;jpe;resx;tiff;tif;png;wav;mfcribbon-ms</Extensions>
    </Filter>
  </ItemGroup>
  <ItemGroup>
    <ClCompile Include="main.cpp">
      <Filter>Source Files</Filter>
    </ClCompile>
    <ClCompile Include="example_erase_remove.cpp">
      <Filter>Source Files</Filter>
    </ClCompile>
    <ClCompile Include="eaxmple_rm_frm_unsrt_vct.cpp">
      <Filter>Source Files</Filter>
    </ClCompile>
    <ClCompile Include="example_safe_elemnt_access.cpp">
      <Filter>Source Files</Filter>
    </ClCompile>
    <ClCompile Include="example_save_sort.cpp">
      <Filter>Source Files</Filter>
    </ClCompile>
    <ClCompile Include="example_my_algos.cpp">
      <Filter>Source Files</Filter>
    </ClCompile>
    <ClCompile Include="example_insert_std_map.cpp">
      <Filter>Source Files</Filter>
    </ClCompile>
    <ClCompile Include="example_algos.cpp">
      <Filter>Source Files</Filter>
    </ClCompile>
    <ClCompile Include="example_priority_queue.cpp">
      <Filter>Source Files</Filter>
    </ClCompile>
    <ClCompile Include="example_iterators.cpp">
      <Filter>Source Files</Filter>
    </ClCompile>
    <ClCompile Include="example_lambda.cpp">
      <Filter>Source Files</Filter>
    </ClCompile>
    <ClCompile Include="example_const_expr.cpp">
      <Filter>Source Files</Filter>
    </ClCompile>
    <ClCompile Include="example_inline.cpp">
      <Filter>Source Files</Filter>
    </ClCompile>
    <ClCompile Include="example_fold.cpp">
      <Filter>Source Files</Filter>
    </ClCompile>
    <ClCompile Include="example_lambda_predicate.cpp">
      <Filter>Source Files</Filter>
    </ClCompile>
    <ClCompile Include="example_multicall.cpp">
      <Filter>Source Files</Filter>
    </ClCompile>
    <ClCompile Include="example_lmbda_transform.cpp">
      <Filter>Source Files</Filter>
    </ClCompile>
    <ClCompile Include="example_parallel_algo.cpp">
      <Filter>Source Files</Filter>
    </ClCompile>
    <ClCompile Include="example_thread_sleep.cpp">
      <Filter>Source Files</Filter>
    </ClCompile>
    <ClCompile Include="example_thread_manage.cpp">
      <Filter>Source Files</Filter>
    </ClCompile>
    <ClCompile Include="example_lock.cpp">
      <Filter>Source Files</Filter>
    </ClCompile>
    <ClCompile Include="example_no_deadlock.cpp">
      <Filter>Source Files</Filter>
    </ClCompile>
    <ClCompile Include="example_concurrent_cout.cpp">
      <Filter>Source Files</Filter>
    </ClCompile>
    <ClCompile Include="example_call_once.cpp">
      <Filter>Source Files</Filter>
    </ClCompile>
  </ItemGroup>
  <ItemGroup>
    <ClInclude Include="eaxmple_rm_frm_unsrt_vct.hpp">
      <Filter>Header Files</Filter>
    </ClInclude>
    <ClInclude Include="example_safe_element_access.hpp">
      <Filter>Header Files</Filter>
    </ClInclude>
    <ClInclude Include="example_erease_remove.hpp">
      <Filter>Header Files</Filter>
    </ClInclude>
    <ClInclude Include="example_save_sort.hpp">
      <Filter>Header Files</Filter>
    </ClInclude>
    <ClInclude Include="example_my_algos.hpp">
      <Filter>Header Files</Filter>
    </ClInclude>
    <ClInclude Include="example_insert_std_map.hpp">
      <Filter>Header Files</Filter>
    </ClInclude>
    <ClInclude Include="example_algos.hpp">
      <Filter>Header Files</Filter>
    </ClInclude>
    <ClInclude Include="example_priority_queue.hpp">
      <Filter>Header Files</Filter>
    </ClInclude>
    <ClInclude Include="example_iterators.hpp">
      <Filter>Header Files</Filter>
    </ClInclude>
    <ClInclude Include="example_inline.hpp">
      <Filter>Header Files</Filter>
    </ClInclude>
    <ClInclude Include="example_const_expr.hpp">
      <Filter>Header Files</Filter>
    </ClInclude>
    <ClInclude Include="example_fold.hpp">
      <Filter>Header Files</Filter>
    </ClInclude>
    <ClInclude Include="example_lambda.hpp">
      <Filter>Header Files</Filter>
    </ClInclude>
    <ClInclude Include="example_lambda_predicate.hpp">
      <Filter>Header Files</Filter>
    </ClInclude>
    <ClInclude Include="example_multicall.hpp">
      <Filter>Header Files</Filter>
    </ClInclude>
    <ClInclude Include="example_lambda_transform.hpp">
      <Filter>Header Files</Filter>
    </ClInclude>
    <ClInclude Include="example_parallel_algo.hpp">
      <Filter>Header Files</Filter>
    </ClInclude>
    <ClInclude Include="example_thread_sleep.hpp">
      <Filter>Header Files</Filter>
    </ClInclude>
    <ClInclude Include="example_thread_manage.hpp">
      <Filter>Header Files</Filter>
    </ClInclude>
    <ClInclude Include="example_lock.hpp">
      <Filter>Header Files</Filter>
    </ClInclude>
    <ClInclude Include="example_no_deadlock.hpp">
      <Filter>Header Files</Filter>
    </ClInclude>
    <ClInclude Include="example_concurrent_cout.hpp">
      <Filter>Header Files</Filter>
    </ClInclude>
    <ClInclude Include="example_call_once.hpp">
      <Filter>Header Files</Filter>
    </ClInclude>
  </ItemGroup>
</Project>